
Microsoft Visual Studio Solution File, Format Version 12.00
# Visual Studio Version 16
VisualStudioVersion = 16.0.30309.148
MinimumVisualStudioVersion = 10.0.40219.1
Project("{9A19103F-16F7-4668-BE54-9A1E7A4F7556}") = "Project.OnlineQA.Entities", "Project.OnlineQA.Entities\Project.OnlineQA.Entities.csproj", "{7F3AD26D-CDB3-40B8-92AE-5DF876F4E4AA}"
EndProject
Project("{FAE04EC0-301F-11D3-BF4B-00C04F79EFBC}") = "Project.OnlineQA.DataAccess", "Project.OnlineQA.DataAccess\Project.OnlineQA.DataAccess.csproj", "{41F64A48-3DD2-4C83-8BAF-0D8D4A98C1BE}"
EndProject
Project("{FAE04EC0-301F-11D3-BF4B-00C04F79EFBC}") = "Project.OnlineQA.Business", "Project.OnlineQA.Business\Project.OnlineQA.Business.csproj", "{2246745A-3E31-4A4D-8CF9-C7DFAC83D50A}"
EndProject
Project("{FAE04EC0-301F-11D3-BF4B-00C04F79EFBC}") = "Project.OnlineQA.WebApi", "Project.OnlineQA.WebApi\Project.OnlineQA.WebApi.csproj", "{50DE09D4-953A-4E2C-B992-A793C09C8571}"
EndProject
Global
	GlobalSection(SolutionConfigurationPlatforms) = preSolution
		Debug|Any CPU = Debug|Any CPU
		Release|Any CPU = Release|Any CPU
	EndGlobalSection
	GlobalSection(ProjectConfigurationPlatforms) = postSolution
		{7F3AD26D-CDB3-40B8-92AE-5DF876F4E4AA}.Debug|Any CPU.ActiveCfg = Debug|Any CPU
		{7F3AD26D-CDB3-40B8-92AE-5DF876F4E4AA}.Debug|Any CPU.Build.0 = Debug|Any CPU
		{7F3AD26D-CDB3-40B8-92AE-5DF876F4E4AA}.Release|Any CPU.ActiveCfg = Release|Any CPU
		{7F3AD26D-CDB3-40B8-92AE-5DF876F4E4AA}.Release|Any CPU.Build.0 = Release|Any CPU
		{41F64A48-3DD2-4C83-8BAF-0D8D4A98C1BE}.Debug|Any CPU.ActiveCfg = Debug|Any CPU
		{41F64A48-3DD2-4C83-8BAF-0D8D4A98C1BE}.Debug|Any CPU.Build.0 = Debug|Any CPU
		{41F64A48-3DD2-4C83-8BAF-0D8D4A98C1BE}.Release|Any CPU.ActiveCfg = Release|Any CPU
		{41F64A48-3DD2-4C83-8BAF-0D8D4A98C1BE}.Release|Any CPU.Build.0 = Release|Any CPU
		{2246745A-3E31-4A4D-8CF9-C7DFAC83D50A}.Debug|Any CPU.ActiveCfg = Debug|Any CPU
		{2246745A-3E31-4A4D-8CF9-C7DFAC83D50A}.Debug|Any CPU.Build.0 = Debug|Any CPU
		{2246745A-3E31-4A4D-8CF9-C7DFAC83D50A}.Release|Any CPU.ActiveCfg = Release|Any CPU
		{2246745A-3E31-4A4D-8CF9-C7DFAC83D50A}.Release|Any CPU.Build.0 = Release|Any CPU
		{50DE09D4-953A-4E2C-B992-A793C09C8571}.Debug|Any CPU.ActiveCfg = Debug|Any CPU
		{50DE09D4-953A-4E2C-B992-A793C09C8571}.Debug|Any CPU.Build.0 = Debug|Any CPU
		{50DE09D4-953A-4E2C-B992-A793C09C8571}.Release|Any CPU.ActiveCfg = Release|Any CPU
		{50DE09D4-953A-4E2C-B992-A793C09C8571}.Release|Any CPU.Build.0 = Release|Any CPU
	EndGlobalSection
	GlobalSection(SolutionProperties) = preSolution
		HideSolutionNode = FALSE
	EndGlobalSection
	GlobalSection(ExtensibilityGlobals) = postSolution
		SolutionGuid = {B225243D-4F36-42D0-86A1-EAD2E33BAD46}
	EndGlobalSection
EndGlobal
